
Microsoft Visual Studio Solution File, Format Version 12.00
# Visual Studio Version 16
VisualStudioVersion = 16.0.31025.194
MinimumVisualStudioVersion = 10.0.40219.1
Project("{FAE04EC0-301F-11D3-BF4B-00C04F79EFBC}") = "Assignment1", "Assignment1\Assignment1.csproj", "{06822172-7DE1-4E5B-965F-76CE43CA24E2}"
EndProject
Global
	GlobalSection(SolutionConfigurationPlatforms) = preSolution
		Debug|Any CPU = Debug|Any CPU
		Release|Any CPU = Release|Any CPU
	EndGlobalSection
	GlobalSection(ProjectConfigurationPlatforms) = postSolution
		{06822172-7DE1-4E5B-965F-76CE43CA24E2}.Debug|Any CPU.ActiveCfg = Debug|Any CPU
		{06822172-7DE1-4E5B-965F-76CE43CA24E2}.Debug|Any CPU.Build.0 = Debug|Any CPU
		{06822172-7DE1-4E5B-965F-76CE43CA24E2}.Release|Any CPU.ActiveCfg = Release|Any CPU
		{06822172-7DE1-4E5B-965F-76CE43CA24E2}.Release|Any CPU.Build.0 = Release|Any CPU
	EndGlobalSection
	GlobalSection(SolutionProperties) = preSolution
		HideSolutionNode = FALSE
	EndGlobalSection
	GlobalSection(ExtensibilityGlobals) = postSolution
		SolutionGuid = {8888CD48-B8AD-4D70-9E2E-969AD92C30A0}
	EndGlobalSection
EndGlobal
